{
  "name": "yeetkit-omarchy",
  "version": "0.1.0",
  "lockfileVersion": 3,
  "requires": true,
  "packages": {
    "": {
      "name": "yeetkit-omarchy",
      "version": "0.1.0",
      "dependencies": {
        "ws": "^8.21.3",
        "yeetkit": "file:../yeetkit"
      },
      "bin": {
        "yeetkit-omarchy": "bin/yeetkit-omarchy.mjs"
      },
      "engines": {
        "node": ">=20"
      }
    },
    "../yeetkit": {
      "version": "0.1.0",
      "dependencies": {
        "@babel/core": "^7.26.0",
        "@babel/preset-typescript": "^7.26.0",
        "@tailwindcss/cli": "^4.0.0",
        "babel-preset-solid": "^1.9.0",
        "esbuild": "^0.28.0",
        "solid-js": "^1.9.0",
        "tailwindcss": "^4.0.0",
        "ws": "^8.21.3"
      },
      "bin": {
        "yeetkit": "bin/yeetkit.mjs"
      },
      "devDependencies": {
        "jsdom": "^25.0.0"
      },
      "engines": {
        "node": ">=20"
      }
    },
    "node_modules/ws": {
      "version": "8.21.3",
      "resolved": "https://registry.npmjs.org/ws/-/ws-8.21.3.tgz",
      "integrity": "sha512-201TZ/kPWxoPr/OKWjquZR1SWKXcvxdH+e1xrx89b3YbmzLMFCLfnaG1HFIgWzJOEWZ7MvpK++odZufgYR50Rw==",
      "license": "MIT",
      "engines": {
        "node": ">=10.0.0"
      },
      "peerDependencies": {
        "bufferutil": "^4.0.1",
        "utf-8-validate": ">=5.0.2"
      },
      "peerDependenciesMeta": {
        "bufferutil": {
          "optional": true
        },
        "utf-8-validate": {
          "optional": true
        }
      }
    },
    "node_modules/yeetkit": {
      "resolved": "../yeetkit",
      "link": true
    }
  }
}
